
Microsoft Visual Studio Solution File, Format Version 12.00
# Visual Studio 14
VisualStudioVersion = 14.0.24720.0
MinimumVisualStudioVersion = 10.0.40219.1
Project("{FAE04EC0-301F-11D3-BF4B-00C04F79EFBC}") = "Commercial Spoils App", "Commercial Spoils App\Commercial Spoils App.csproj", "{9236C5BD-1404-45E4-95EF-224547400FDD}"
EndProject
Project("{FAE04EC0-301F-11D3-BF4B-00C04F79EFBC}") = "SpoilsReportData", "SpoilsReportData\SpoilsReportData.csproj", "{446F21AA-C392-4424-BF97-3882AF5630DC}"
EndProject
Global
	GlobalSection(SolutionConfigurationPlatforms) = preSolution
		Debug|Any CPU = Debug|Any CPU
		Release|Any CPU = Release|Any CPU
	EndGlobalSection
	GlobalSection(ProjectConfigurationPlatforms) = postSolution
		{9236C5BD-1404-45E4-95EF-224547400FDD}.Debug|Any CPU.ActiveCfg = Debug|Any CPU
		{9236C5BD-1404-45E4-95EF-224547400FDD}.Debug|Any CPU.Build.0 = Debug|Any CPU
		{9236C5BD-1404-45E4-95EF-224547400FDD}.Release|Any CPU.ActiveCfg = Release|Any CPU
		{9236C5BD-1404-45E4-95EF-224547400FDD}.Release|Any CPU.Build.0 = Release|Any CPU
		{446F21AA-C392-4424-BF97-3882AF5630DC}.Debug|Any CPU.ActiveCfg = Debug|Any CPU
		{446F21AA-C392-4424-BF97-3882AF5630DC}.Debug|Any CPU.Build.0 = Debug|Any CPU
		{446F21AA-C392-4424-BF97-3882AF5630DC}.Release|Any CPU.ActiveCfg = Release|Any CPU
		{446F21AA-C392-4424-BF97-3882AF5630DC}.Release|Any CPU.Build.0 = Release|Any CPU
	EndGlobalSection
	GlobalSection(SolutionProperties) = preSolution
		HideSolutionNode = FALSE
	EndGlobalSection
EndGlobal
